<Solution>
  <Folder Name="/src/">
    <Project Path="src/FileConvert.Contracts/FileConvert.Contracts.csproj" />
    <Project Path="src/FileConvert.Core/FileConvert.Core.csproj" />
    <Project Path="src/FileConvert.FakeProviders/FileConvert.FakeProviders.csproj" />
    <Project Path="src/FileConvert.Serialization/FileConvert.Serialization.csproj" />
  </Folder>
  <Folder Name="/tests/">
    <Project Path="tests/FileConvert.Contracts.Tests/FileConvert.Contracts.Tests.csproj" />
    <Project Path="tests/FileConvert.Core.Tests/FileConvert.Core.Tests.csproj" />
    <Project Path="tests/FileConvert.Serialization.Tests/FileConvert.Serialization.Tests.csproj" />
  </Folder>
</Solution>
